// !$*UTF8*$!
{
	archiveVersion = 1;
	classes = {
	};
	objectVersion = 55;
	objects = {

/* Begin PBXBuildFile section */
		DD64CA3D285CE34D00BD8723 /* MotionManager.swift in Sources */ = {isa = PBXBuildFile; fileRef = DD64CA3C285CE34D00BD8723 /* MotionManager.swift */; };
		DD64CA3F285CE49F00BD8723 /* ViewModel.swift in Sources */ = {isa = PBXBuildFile; fileRef = DD64CA3E285CE49F00BD8723 /* ViewModel.swift */; };
		DD64CA41285D3BA100BD8723 /* DataSubview.swift in Sources */ = {isa = PBXBuildFile; fileRef = DD64CA40285D3BA100BD8723 /* DataSubview.swift */; };
		DD7EFD04285CD6410053E9F1 /* AppDelegate.swift in Sources */ = {isa = PBXBuildFile; fileRef = DD7EFD03285CD6410053E9F1 /* AppDelegate.swift */; };
		DD7EFD06285CD6410053E9F1 /* SceneDelegate.swift in Sources */ = {isa = PBXBuildFile; fileRef = DD7EFD05285CD6410053E9F1 /* SceneDelegate.swift */; };
		DD7EFD08285CD6410053E9F1 /* ViewController.swift in Sources */ = {isa = PBXBuildFile; fileRef = DD7EFD07285CD6410053E9F1 /* ViewController.swift */; };
		DD7EFD0E285CD6410053E9F1 /* Yaht.xcdatamodeld in Sources */ = {isa = PBXBuildFile; fileRef = DD7EFD0C285CD6410053E9F1 /* Yaht.xcdatamodeld */; };
		DD7EFD10285CD64C0053E9F1 /* Assets.xcassets in Resources */ = {isa = PBXBuildFile; fileRef = DD7EFD0F285CD64C0053E9F1 /* Assets.xcassets */; };
		DD7EFD13285CD64C0053E9F1 /* LaunchScreen.storyboard in Resources */ = {isa = PBXBuildFile; fileRef = DD7EFD11285CD64C0053E9F1 /* LaunchScreen.storyboard */; };
		DDC8A089285E272D00BD5FDB /* MotionData.swift in Sources */ = {isa = PBXBuildFile; fileRef = DDC8A088285E272D00BD5FDB /* MotionData.swift */; };
		FF18D48CF4A1ECC309E7CA5D /* Pods_Yaht.framework in Frameworks */ = {isa = PBXBuildFile; fileRef = F6B584E20098CF1BE97F9522 /* Pods_Yaht.framework */; };
/* End PBXBuildFile section */

/* Begin PBXFileReference section */
		3532E2968F6EAEEE05EF968C /* Pods-Yaht.debug.xcconfig */ = {isa = PBXFileReference; includeInIndex = 1; lastKnownFileType = text.xcconfig; name = "Pods-Yaht.debug.xcconfig"; path = "Target Support Files/Pods-Yaht/Pods-Yaht.debug.xcconfig"; sourceTree = "<group>"; };
		7FA6229A052BC528CD6ED992 /* Pods-Yaht.release.xcconfig */ = {isa = PBXFileReference; includeInIndex = 1; lastKnownFileType = text.xcconfig; name = "Pods-Yaht.release.xcconfig"; path = "Target Support Files/Pods-Yaht/Pods-Yaht.release.xcconfig"; sourceTree = "<group>"; };
		DD64CA3C285CE34D00BD8723 /* MotionManager.swift */ = {isa = PBXFileReference; lastKnownFileType = sourcecode.swift; path = MotionManager.swift; sourceTree = "<group>"; };
		DD64CA3E285CE49F00BD8723 /* ViewModel.swift */ = {isa = PBXFileReference; lastKnownFileType = sourcecode.swift; path = ViewModel.swift; sourceTree = "<group>"; };
		DD64CA40285D3BA100BD8723 /* DataSubview.swift */ = {isa = PBXFileReference; lastKnownFileType = sourcecode.swift; path = DataSubview.swift; sourceTree = "<group>"; };
		DD7EFD00285CD6410053E9F1 /* Yaht.app */ = {isa = PBXFileReference; explicitFileType = wrapper.application; includeInIndex = 0; path = Yaht.app; sourceTree = BUILT_PRODUCTS_DIR; };
		DD7EFD03285CD6410053E9F1 /* AppDelegate.swift */ = {isa = PBXFileReference; lastKnownFileType = sourcecode.swift; path = AppDelegate.swift; sourceTree = "<group>"; };
		DD7EFD05285CD6410053E9F1 /* SceneDelegate.swift */ = {isa = PBXFileReference; lastKnownFileType = sourcecode.swift; path = SceneDelegate.swift; sourceTree = "<group>"; };
		DD7EFD07285CD6410053E9F1 /* ViewController.swift */ = {isa = PBXFileReference; lastKnownFileType = sourcecode.swift; path = ViewController.swift; sourceTree = "<group>"; };
		DD7EFD0D285CD6410053E9F1 /* Yaht.xcdatamodel */ = {isa = PBXFileReference; lastKnownFileType = wrapper.xcdatamodel; path = Yaht.xcdatamodel; sourceTree = "<group>"; };
		DD7EFD0F285CD64C0053E9F1 /* Assets.xcassets */ = {isa = PBXFileReference; lastKnownFileType = folder.assetcatalog; path = Assets.xcassets; sourceTree = "<group>"; };
		DD7EFD12285CD64C0053E9F1 /* Base */ = {isa = PBXFileReference; lastKnownFileType = file.storyboard; name = Base; path = Base.lproj/LaunchScreen.storyboard; sourceTree = "<group>"; };
		DD7EFD14285CD64C0053E9F1 /* Info.plist */ = {isa = PBXFileReference; lastKnownFileType = text.plist.xml; path = Info.plist; sourceTree = "<group>"; };
		DDC8A088285E272D00BD5FDB /* MotionData.swift */ = {isa = PBXFileReference; lastKnownFileType = sourcecode.swift; path = MotionData.swift; sourceTree = "<group>"; };
		F6B584E20098CF1BE97F9522 /* Pods_Yaht.framework */ = {isa = PBXFileReference; explicitFileType = wrapper.framework; includeInIndex = 0; path = Pods_Yaht.framework; sourceTree = BUILT_PRODUCTS_DIR; };
/* End PBXFileReference section */

/* Begin PBXFrameworksBuildPhase section */
		DD7EFCFD285CD6410053E9F1 /* Frameworks */ = {
			isa = PBXFrameworksBuildPhase;
			buildActionMask = 2147483647;
			files = (
				FF18D48CF4A1ECC309E7CA5D /* Pods_Yaht.framework in Frameworks */,
			);
			runOnlyForDeploymentPostprocessing = 0;
		};
/* End PBXFrameworksBuildPhase section */

/* Begin PBXGroup section */
		4A69A32F5A06EB176BB0C7FB /* Pods */ = {
			isa = PBXGroup;
			children = (
				3532E2968F6EAEEE05EF968C /* Pods-Yaht.debug.xcconfig */,
				7FA6229A052BC528CD6ED992 /* Pods-Yaht.release.xcconfig */,
			);
			path = Pods;
			sourceTree = "<group>";
		};
		4D53D859D10CBFEE4877307E /* Frameworks */ = {
			isa = PBXGroup;
			children = (
				F6B584E20098CF1BE97F9522 /* Pods_Yaht.framework */,
			);
			name = Frameworks;
			sourceTree = "<group>";
		};
		DD7EFCF7285CD6410053E9F1 = {
			isa = PBXGroup;
			children = (
				DD7EFD02285CD6410053E9F1 /* Yaht */,
				DD7EFD01285CD6410053E9F1 /* Products */,
				4A69A32F5A06EB176BB0C7FB /* Pods */,
				4D53D859D10CBFEE4877307E /* Frameworks */,
			);
			sourceTree = "<group>";
		};
		DD7EFD01285CD6410053E9F1 /* Products */ = {
			isa = PBXGroup;
			children = (
				DD7EFD00285CD6410053E9F1 /* Yaht.app */,
			);
			name = Products;
			sourceTree = "<group>";
		};
		DD7EFD02285CD6410053E9F1 /* Yaht */ = {
			isa = PBXGroup;
			children = (
				DD7EFD03285CD6410053E9F1 /* AppDelegate.swift */,
				DD7EFD05285CD6410053E9F1 /* SceneDelegate.swift */,
				DDC8A087285E26F200BD5FDB /* Models */,
				DDC8A086285E26C000BD5FDB /* Managers */,
				DDC8A085285E269A00BD5FDB /* ViewModels */,
				DDC8A084285E267C00BD5FDB /* Views */,
				DD7EFD0F285CD64C0053E9F1 /* Assets.xcassets */,
				DD7EFD11285CD64C0053E9F1 /* LaunchScreen.storyboard */,
				DD7EFD14285CD64C0053E9F1 /* Info.plist */,
				DD7EFD0C285CD6410053E9F1 /* Yaht.xcdatamodeld */,
			);
			path = Yaht;
			sourceTree = "<group>";
		};
		DDC8A084285E267C00BD5FDB /* Views */ = {
			isa = PBXGroup;
			children = (
				DD7EFD07285CD6410053E9F1 /* ViewController.swift */,
				DD64CA40285D3BA100BD8723 /* DataSubview.swift */,
			);
			path = Views;
			sourceTree = "<group>";
		};
		DDC8A085285E269A00BD5FDB /* ViewModels */ = {
			isa = PBXGroup;
			children = (
				DD64CA3E285CE49F00BD8723 /* ViewModel.swift */,
			);
			path = ViewModels;
			sourceTree = "<group>";
		};
		DDC8A086285E26C000BD5FDB /* Managers */ = {
			isa = PBXGroup;
			children = (
				DD64CA3C285CE34D00BD8723 /* MotionManager.swift */,
			);
			path = Managers;
			sourceTree = "<group>";
		};
		DDC8A087285E26F200BD5FDB /* Models */ = {
			isa = PBXGroup;
			children = (
				DDC8A088285E272D00BD5FDB /* MotionData.swift */,
			);
			path = Models;
			sourceTree = "<group>";
		};
/* End PBXGroup section */

/* Begin PBXNativeTarget section */
		DD7EFCFF285CD6410053E9F1 /* Yaht */ = {
			isa = PBXNativeTarget;
			buildConfigurationList = DD7EFD17285CD64C0053E9F1 /* Build configuration list for PBXNativeTarget "Yaht" */;
			buildPhases = (
				95E02C6FE3E247FCF57CFF94 /* [CP] Check Pods Manifest.lock */,
				DD7EFCFC285CD6410053E9F1 /* Sources */,
				DD7EFCFD285CD6410053E9F1 /* Frameworks */,
				DD7EFCFE285CD6410053E9F1 /* Resources */,
				70933E453ECEEDE5F61B5C0E /* [CP] Embed Pods Frameworks */,
			);
			buildRules = (
			);
			dependencies = (
			);
			name = Yaht;
			productName = Yaht;
			productReference = DD7EFD00285CD6410053E9F1 /* Yaht.app */;
			productType = "com.apple.product-type.application";
		};
/* End PBXNativeTarget section */

/* Begin PBXProject section */
		DD7EFCF8285CD6410053E9F1 /* Project object */ = {
			isa = PBXProject;
			attributes = {
				BuildIndependentTargetsInParallel = 1;
				LastSwiftUpdateCheck = 1340;
				LastUpgradeCheck = 1340;
				TargetAttributes = {
					DD7EFCFF285CD6410053E9F1 = {
						CreatedOnToolsVersion = 13.4.1;
					};
				};
			};
			buildConfigurationList = DD7EFCFB285CD6410053E9F1 /* Build configuration list for PBXProject "Yaht" */;
			compatibilityVersion = "Xcode 13.0";
			developmentRegion = en;
			hasScannedForEncodings = 0;
			knownRegions = (
				en,
				Base,
			);
			mainGroup = DD7EFCF7285CD6410053E9F1;
			productRefGroup = DD7EFD01285CD6410053E9F1 /* Products */;
			projectDirPath = "";
			projectRoot = "";
			targets = (
				DD7EFCFF285CD6410053E9F1 /* Yaht */,
			);
		};
/* End PBXProject section */

/* Begin PBXResourcesBuildPhase section */
		DD7EFCFE285CD6410053E9F1 /* Resources */ = {
			isa = PBXResourcesBuildPhase;
			buildActionMask = 2147483647;
			files = (
				DD7EFD13285CD64C0053E9F1 /* LaunchScreen.storyboard in Resources */,
				DD7EFD10285CD64C0053E9F1 /* Assets.xcassets in Resources */,
			);
			runOnlyForDeploymentPostprocessing = 0;
		};
/* End PBXResourcesBuildPhase section */

/* Begin PBXShellScriptBuildPhase section */
		70933E453ECEEDE5F61B5C0E /* [CP] Embed Pods Frameworks */ = {
			isa = PBXShellScriptBuildPhase;
			buildActionMask = 2147483647;
			files = (
			);
			inputFileListPaths = (
				"${PODS_ROOT}/Target Support Files/Pods-Yaht/Pods-Yaht-frameworks-${CONFIGURATION}-input-files.xcfilelist",
			);
			name = "[CP] Embed Pods Frameworks";
			outputFileListPaths = (
				"${PODS_ROOT}/Target Support Files/Pods-Yaht/Pods-Yaht-frameworks-${CONFIGURATION}-output-files.xcfilelist",
			);
			runOnlyForDeploymentPostprocessing = 0;
			shellPath = /bin/sh;
			shellScript = "\"${PODS_ROOT}/Target Support Files/Pods-Yaht/Pods-Yaht-frameworks.sh\"\n";
			showEnvVarsInLog = 0;
		};
		95E02C6FE3E247FCF57CFF94 /* [CP] Check Pods Manifest.lock */ = {
			isa = PBXShellScriptBuildPhase;
			buildActionMask = 2147483647;
			files = (
			);
			inputFileListPaths = (
			);
			inputPaths = (
				"${PODS_PODFILE_DIR_PATH}/Podfile.lock",
				"${PODS_ROOT}/Manifest.lock",
			);
			name = "[CP] Check Pods Manifest.lock";
			outputFileListPaths = (
			);
			outputPaths = (
				"$(DERIVED_FILE_DIR)/Pods-Yaht-checkManifestLockResult.txt",
			);
			runOnlyForDeploymentPostprocessing = 0;
			shellPath = /bin/sh;
			shellScript = "diff \"${PODS_PODFILE_DIR_PATH}/Podfile.lock\" \"${PODS_ROOT}/Manifest.lock\" > /dev/null\nif [ $? != 0 ] ; then\n    # print error to STDERR\n    echo \"error: The sandbox is not in sync with the Podfile.lock. Run 'pod install' or update your CocoaPods installation.\" >&2\n    exit 1\nfi\n# This output is used by Xcode 'outputs' to avoid re-running this script phase.\necho \"SUCCESS\" > \"${SCRIPT_OUTPUT_FILE_0}\"\n";
			showEnvVarsInLog = 0;
		};
/* End PBXShellScriptBuildPhase section */

/* Begin PBXSourcesBuildPhase section */
		DD7EFCFC285CD6410053E9F1 /* Sources */ = {
			isa = PBXSourcesBuildPhase;
			buildActionMask = 2147483647;
			files = (
				DD7EFD08285CD6410053E9F1 /* ViewController.swift in Sources */,
				DD64CA3D285CE34D00BD8723 /* MotionManager.swift in Sources */,
				DD64CA41285D3BA100BD8723 /* DataSubview.swift in Sources */,
				DDC8A089285E272D00BD5FDB /* MotionData.swift in Sources */,
				DD7EFD04285CD6410053E9F1 /* AppDelegate.swift in Sources */,
				DD7EFD06285CD6410053E9F1 /* SceneDelegate.swift in Sources */,
				DD64CA3F285CE49F00BD8723 /* ViewModel.swift in Sources */,
				DD7EFD0E285CD6410053E9F1 /* Yaht.xcdatamodeld in Sources */,
			);
			runOnlyForDeploymentPostprocessing = 0;
		};
/* End PBXSourcesBuildPhase section */

/* Begin PBXVariantGroup section */
		DD7EFD11285CD64C0053E9F1 /* LaunchScreen.storyboard */ = {
			isa = PBXVariantGroup;
			children = (
				DD7EFD12285CD64C0053E9F1 /* Base */,
			);
			name = LaunchScreen.storyboard;
			sourceTree = "<group>";
		};
/* End PBXVariantGroup section */

/* Begin XCBuildConfiguration section */
		DD7EFD15285CD64C0053E9F1 /* Debug */ = {
			isa = XCBuildConfiguration;
			buildSettings = {
				ALWAYS_SEARCH_USER_PATHS = NO;
				CLANG_ANALYZER_NONNULL = YES;
				CLANG_ANALYZER_NUMBER_OBJECT_CONVERSION = YES_AGGRESSIVE;
				CLANG_CXX_LANGUAGE_STANDARD = "gnu++17";
				CLANG_ENABLE_MODULES = YES;
				CLANG_ENABLE_OBJC_ARC = YES;
				CLANG_ENABLE_OBJC_WEAK = YES;
				CLANG_WARN_BLOCK_CAPTURE_AUTORELEASING = YES;
				CLANG_WARN_BOOL_CONVERSION = YES;
				CLANG_WARN_COMMA = YES;
				CLANG_WARN_CONSTANT_CONVERSION = YES;
				CLANG_WARN_DEPRECATED_OBJC_IMPLEMENTATIONS = YES;
				CLANG_WARN_DIRECT_OBJC_ISA_USAGE = YES_ERROR;
				CLANG_WARN_DOCUMENTATION_COMMENTS = YES;
				CLANG_WARN_EMPTY_BODY = YES;
				CLANG_WARN_ENUM_CONVERSION = YES;
				CLANG_WARN_INFINITE_RECURSION = YES;
				CLANG_WARN_INT_CONVERSION = YES;
				CLANG_WARN_NON_LITERAL_NULL_CONVERSION = YES;
				CLANG_WARN_OBJC_IMPLICIT_RETAIN_SELF = YES;
				CLANG_WARN_OBJC_LITERAL_CONVERSION = YES;
				CLANG_WARN_OBJC_ROOT_CLASS = YES_ERROR;
				CLANG_WARN_QUOTED_INCLUDE_IN_FRAMEWORK_HEADER = YES;
				CLANG_WARN_RANGE_LOOP_ANALYSIS = YES;
				CLANG_WARN_STRICT_PROTOTYPES = YES;
				CLANG_WARN_SUSPICIOUS_MOVE = YES;
				CLANG_WARN_UNGUARDED_AVAILABILITY = YES_AGGRESSIVE;
				CLANG_WARN_UNREACHABLE_CODE = YES;
				CLANG_WARN__DUPLICATE_METHOD_MATCH = YES;
				COPY_PHASE_STRIP = NO;
				DEBUG_INFORMATION_FORMAT = dwarf;
				ENABLE_STRICT_OBJC_MSGSEND = YES;
				ENABLE_TESTABILITY = YES;
				GCC_C_LANGUAGE_STANDARD = gnu11;
				GCC_DYNAMIC_NO_PIC = NO;
				GCC_NO_COMMON_BLOCKS = YES;
				GCC_OPTIMIZATION_LEVEL = 0;
				GCC_PREPROCESSOR_DEFINITIONS = (
					"DEBUG=1",
					"$(inherited)",
				);
				GCC_WARN_64_TO_32_BIT_CONVERSION = YES;
				GCC_WARN_ABOUT_RETURN_TYPE = YES_ERROR;
				GCC_WARN_UNDECLARED_SELECTOR = YES;
				GCC_WARN_UNINITIALIZED_AUTOS = YES_AGGRESSIVE;
				GCC_WARN_UNUSED_FUNCTION = YES;
				GCC_WARN_UNUSED_VARIABLE = YES;
				IPHONEOS_DEPLOYMENT_TARGET = 15.5;
				MTL_ENABLE_DEBUG_INFO = INCLUDE_SOURCE;
				MTL_FAST_MATH = YES;
				ONLY_ACTIVE_ARCH = YES;
				SDKROOT = iphoneos;
				SWIFT_ACTIVE_COMPILATION_CONDITIONS = DEBUG;
				SWIFT_OPTIMIZATION_LEVEL = "-Onone";
			};
			name = Debug;
		};
		DD7EFD16285CD64C0053E9F1 /* Release */ = {
			isa = XCBuildConfiguration;
			buildSettings = {
				ALWAYS_SEARCH_USER_PATHS = NO;
				CLANG_ANALYZER_NONNULL = YES;
				CLANG_ANALYZER_NUMBER_OBJECT_CONVERSION = YES_AGGRESSIVE;
				CLANG_CXX_LANGUAGE_STANDARD = "gnu++17";
				CLANG_ENABLE_MODULES = YES;
				CLANG_ENABLE_OBJC_ARC = YES;
				CLANG_ENABLE_OBJC_WEAK = YES;
				CLANG_WARN_BLOCK_CAPTURE_AUTORELEASING = YES;
				CLANG_WARN_BOOL_CONVERSION = YES;
				CLANG_WARN_COMMA = YES;
				CLANG_WARN_CONSTANT_CONVERSION = YES;
				CLANG_WARN_DEPRECATED_OBJC_IMPLEMENTATIONS = YES;
				CLANG_WARN_DIRECT_OBJC_ISA_USAGE = YES_ERROR;
				CLANG_WARN_DOCUMENTATION_COMMENTS = YES;
				CLANG_WARN_EMPTY_BODY = YES;
				CLANG_WARN_ENUM_CONVERSION = YES;
				CLANG_WARN_INFINITE_RECURSION = YES;
				CLANG_WARN_INT_CONVERSION = YES;
				CLANG_WARN_NON_LITERAL_NULL_CONVERSION = YES;
				CLANG_WARN_OBJC_IMPLICIT_RETAIN_SELF = YES;
				CLANG_WARN_OBJC_LITERAL_CONVERSION = YES;
				CLANG_WARN_OBJC_ROOT_CLASS = YES_ERROR;
				CLANG_WARN_QUOTED_INCLUDE_IN_FRAMEWORK_HEADER = YES;
				CLANG_WARN_RANGE_LOOP_ANALYSIS = YES;
				CLANG_WARN_STRICT_PROTOTYPES = YES;
				CLANG_WARN_SUSPICIOUS_MOVE = YES;
				CLANG_WARN_UNGUARDED_AVAILABILITY = YES_AGGRESSIVE;
				CLANG_WARN_UNREACHABLE_CODE = YES;
				CLANG_WARN__DUPLICATE_METHOD_MATCH = YES;
				COPY_PHASE_STRIP = NO;
				DEBUG_INFORMATION_FORMAT = "dwarf-with-dsym";
				ENABLE_NS_ASSERTIONS = NO;
				ENABLE_STRICT_OBJC_MSGSEND = YES;
				GCC_C_LANGUAGE_STANDARD = gnu11;
				GCC_NO_COMMON_BLOCKS = YES;
				GCC_WARN_64_TO_32_BIT_CONVERSION = YES;
				GCC_WARN_ABOUT_RETURN_TYPE = YES_ERROR;
				GCC_WARN_UNDECLARED_SELECTOR = YES;
				GCC_WARN_UNINITIALIZED_AUTOS = YES_AGGRESSIVE;
				GCC_WARN_UNUSED_FUNCTION = YES;
				GCC_WARN_UNUSED_VARIABLE = YES;
				IPHONEOS_DEPLOYMENT_TARGET = 15.5;
				MTL_ENABLE_DEBUG_INFO = NO;
				MTL_FAST_MATH = YES;
				SDKROOT = iphoneos;
				SWIFT_COMPILATION_MODE = wholemodule;
				SWIFT_OPTIMIZATION_LEVEL = "-O";
				VALIDATE_PRODUCT = YES;
			};
			name = Release;
		};
		DD7EFD18285CD64C0053E9F1 /* Debug */ = {
			isa = XCBuildConfiguration;
			baseConfigurationReference = 3532E2968F6EAEEE05EF968C /* Pods-Yaht.debug.xcconfig */;
			buildSettings = {
				ASSETCATALOG_COMPILER_APPICON_NAME = AppIcon;
				ASSETCATALOG_COMPILER_GLOBAL_ACCENT_COLOR_NAME = AccentColor;
				CODE_SIGN_STYLE = Automatic;
				CURRENT_PROJECT_VERSION = 1;
				DEVELOPMENT_TEAM = PR437U27Q7;
				GENERATE_INFOPLIST_FILE = YES;
				INFOPLIST_FILE = Yaht/Info.plist;
				INFOPLIST_KEY_NSLocationAlwaysAndWhenInUseUsageDescription = "let us contorl you";
				INFOPLIST_KEY_NSLocationWhenInUseUsageDescription = "let us control you";
				INFOPLIST_KEY_UIApplicationSupportsIndirectInputEvents = YES;
				INFOPLIST_KEY_UILaunchStoryboardName = LaunchScreen;
				INFOPLIST_KEY_UISupportedInterfaceOrientations = UIInterfaceOrientationPortrait;
				INFOPLIST_KEY_UISupportedInterfaceOrientations_iPad = "UIInterfaceOrientationPortrait UIInterfaceOrientationPortraitUpsideDown UIInterfaceOrientationLandscapeLeft UIInterfaceOrientationLandscapeRight";
				INFOPLIST_KEY_UISupportedInterfaceOrientations_iPhone = "UIInterfaceOrientationPortrait UIInterfaceOrientationLandscapeLeft UIInterfaceOrientationLandscapeRight";
				LD_RUNPATH_SEARCH_PATHS = (
					"$(inherited)",
					"@executable_path/Frameworks",
				);
				MARKETING_VERSION = 1.0;
				PRODUCT_BUNDLE_IDENTIFIER = Vladimir.Yaht;
				PRODUCT_NAME = "$(TARGET_NAME)";
				SWIFT_EMIT_LOC_STRINGS = YES;
				SWIFT_VERSION = 5.0;
				TARGETED_DEVICE_FAMILY = "1,2";
			};
			name = Debug;
		};
		DD7EFD19285CD64C0053E9F1 /* Release */ = {
			isa = XCBuildConfiguration;
			baseConfigurationReference = 7FA6229A052BC528CD6ED992 /* Pods-Yaht.release.xcconfig */;
			buildSettings = {
				ASSETCATALOG_COMPILER_APPICON_NAME = AppIcon;
				ASSETCATALOG_COMPILER_GLOBAL_ACCENT_COLOR_NAME = AccentColor;
				CODE_SIGN_STYLE = Automatic;
				CURRENT_PROJECT_VERSION = 1;
				DEVELOPMENT_TEAM = PR437U27Q7;
				GENERATE_INFOPLIST_FILE = YES;
				INFOPLIST_FILE = Yaht/Info.plist;
				INFOPLIST_KEY_NSLocationAlwaysAndWhenInUseUsageDescription = "let us contorl you";
				INFOPLIST_KEY_NSLocationWhenInUseUsageDescription = "let us control you";
				INFOPLIST_KEY_UIApplicationSupportsIndirectInputEvents = YES;
				INFOPLIST_KEY_UILaunchStoryboardName = LaunchScreen;
				INFOPLIST_KEY_UISupportedInterfaceOrientations = UIInterfaceOrientationPortrait;
				INFOPLIST_KEY_UISupportedInterfaceOrientations_iPad = "UIInterfaceOrientationPortrait UIInterfaceOrientationPortraitUpsideDown UIInterfaceOrientationLandscapeLeft UIInterfaceOrientationLandscapeRight";
				INFOPLIST_KEY_UISupportedInterfaceOrientations_iPhone = "UIInterfaceOrientationPortrait UIInterfaceOrientationLandscapeLeft UIInterfaceOrientationLandscapeRight";
				LD_RUNPATH_SEARCH_PATHS = (
					"$(inherited)",
					"@executable_path/Frameworks",
				);
				MARKETING_VERSION = 1.0;
				PRODUCT_BUNDLE_IDENTIFIER = Vladimir.Yaht;
				PRODUCT_NAME = "$(TARGET_NAME)";
				SWIFT_EMIT_LOC_STRINGS = YES;
				SWIFT_VERSION = 5.0;
				TARGETED_DEVICE_FAMILY = "1,2";
			};
			name = Release;
		};
/* End XCBuildConfiguration section */

/* Begin XCConfigurationList section */
		DD7EFCFB285CD6410053E9F1 /* Build configuration list for PBXProject "Yaht" */ = {
			isa = XCConfigurationList;
			buildConfigurations = (
				DD7EFD15285CD64C0053E9F1 /* Debug */,
				DD7EFD16285CD64C0053E9F1 /* Release */,
			);
			defaultConfigurationIsVisible = 0;
			defaultConfigurationName = Release;
		};
		DD7EFD17285CD64C0053E9F1 /* Build configuration list for PBXNativeTarget "Yaht" */ = {
			isa = XCConfigurationList;
			buildConfigurations = (
				DD7EFD18285CD64C0053E9F1 /* Debug */,
				DD7EFD19285CD64C0053E9F1 /* Release */,
			);
			defaultConfigurationIsVisible = 0;
			defaultConfigurationName = Release;
		};
/* End XCConfigurationList section */

/* Begin XCVersionGroup section */
		DD7EFD0C285CD6410053E9F1 /* Yaht.xcdatamodeld */ = {
			isa = XCVersionGroup;
			children = (
				DD7EFD0D285CD6410053E9F1 /* Yaht.xcdatamodel */,
			);
			currentVersion = DD7EFD0D285CD6410053E9F1 /* Yaht.xcdatamodel */;
			path = Yaht.xcdatamodeld;
			sourceTree = "<group>";
			versionGroupType = wrapper.xcdatamodel;
		};
/* End XCVersionGroup section */
	};
	rootObject = DD7EFCF8285CD6410053E9F1 /* Project object */;
}
